
Microsoft Visual Studio Solution File, Format Version 12.00
# Visual Studio 14
VisualStudioVersion = 14.0.25123.0
MinimumVisualStudioVersion = 10.0.40219.1
Project("{FAE04EC0-301F-11D3-BF4B-00C04F79EFBC}") = "PhoneWord.Droid", "PhoneWord\PhoneWord.Droid\PhoneWord.Droid.csproj", "{A5868654-E803-435E-BE1F-236BF8708DE9}"
EndProject
Project("{FAE04EC0-301F-11D3-BF4B-00C04F79EFBC}") = "PhoneWord.iOS", "PhoneWord\PhoneWord.iOS\PhoneWord.iOS.csproj", "{A0BE865E-1034-4A6E-9850-A2BBE0C63F1F}"
EndProject
Project("{FAE04EC0-301F-11D3-BF4B-00C04F79EFBC}") = "PhoneWord.WinPhone", "PhoneWord\PhoneWord.WinPhone\PhoneWord.WinPhone.csproj", "{6F0ABD73-27FE-4113-93EB-F4AC5488A072}"
EndProject
Project("{FAE04EC0-301F-11D3-BF4B-00C04F79EFBC}") = "PhoneWord.UWP", "PhoneWord\PhoneWord.UWP\PhoneWord.UWP.csproj", "{93D6BF49-6916-4D97-8226-F270334321BA}"
EndProject
Project("{FAE04EC0-301F-11D3-BF4B-00C04F79EFBC}") = "PhoneWord.Windows", "PhoneWord\PhoneWord.Windows\PhoneWord.Windows.csproj", "{0604A936-6889-4DAE-96D0-9EFFF1820070}"
EndProject
Project("{FAE04EC0-301F-11D3-BF4B-00C04F79EFBC}") = "PhoneWord", "PhoneWord\PhoneWord\PhoneWord.csproj", "{19B02580-2BDF-4896-8F2F-6503D7ECE92E}"
EndProject
Global
	GlobalSection(SolutionConfigurationPlatforms) = preSolution
		Ad-Hoc|Any CPU = Ad-Hoc|Any CPU
		Ad-Hoc|ARM = Ad-Hoc|ARM
		Ad-Hoc|iPhone = Ad-Hoc|iPhone
		Ad-Hoc|iPhoneSimulator = Ad-Hoc|iPhoneSimulator
		Ad-Hoc|x64 = Ad-Hoc|x64
		Ad-Hoc|x86 = Ad-Hoc|x86
		AppStore|Any CPU = AppStore|Any CPU
		AppStore|ARM = AppStore|ARM
		AppStore|iPhone = AppStore|iPhone
		AppStore|iPhoneSimulator = AppStore|iPhoneSimulator
		AppStore|x64 = AppStore|x64
		AppStore|x86 = AppStore|x86
		Debug|Any CPU = Debug|Any CPU
		Debug|ARM = Debug|ARM
		Debug|iPhone = Debug|iPhone
		Debug|iPhoneSimulator = Debug|iPhoneSimulator
		Debug|x64 = Debug|x64
		Debug|x86 = Debug|x86
		Release|Any CPU = Release|Any CPU
		Release|ARM = Release|ARM
		Release|iPhone = Release|iPhone
		Release|iPhoneSimulator = Release|iPhoneSimulator
		Release|x64 = Release|x64
		Release|x86 = Release|x86
	EndGlobalSection
	GlobalSection(ProjectConfigurationPlatforms) = postSolution
		{A5868654-E803-435E-BE1F-236BF8708DE9}.Ad-Hoc|Any CPU.ActiveCfg = Release|Any CPU
		{A5868654-E803-435E-BE1F-236BF8708DE9}.Ad-Hoc|Any CPU.Build.0 = Release|Any CPU
		{A5868654-E803-435E-BE1F-236BF8708DE9}.Ad-Hoc|Any CPU.Deploy.0 = Release|Any CPU
		{A5868654-E803-435E-BE1F-236BF8708DE9}.Ad-Hoc|ARM.ActiveCfg = Release|Any CPU
		{A5868654-E803-435E-BE1F-236BF8708DE9}.Ad-Hoc|ARM.Build.0 = Release|Any CPU
		{A5868654-E803-435E-BE1F-236BF8708DE9}.Ad-Hoc|ARM.Deploy.0 = Release|Any CPU
		{A5868654-E803-435E-BE1F-236BF8708DE9}.Ad-Hoc|iPhone.ActiveCfg = Release|Any CPU
		{A5868654-E803-435E-BE1F-236BF8708DE9}.Ad-Hoc|iPhone.Build.0 = Release|Any CPU
		{A5868654-E803-435E-BE1F-236BF8708DE9}.Ad-Hoc|iPhone.Deploy.0 = Release|Any CPU
		{A5868654-E803-435E-BE1F-236BF8708DE9}.Ad-Hoc|iPhoneSimulator.ActiveCfg = Release|Any CPU
		{A5868654-E803-435E-BE1F-236BF8708DE9}.Ad-Hoc|iPhoneSimulator.Build.0 = Release|Any CPU
		{A5868654-E803-435E-BE1F-236BF8708DE9}.Ad-Hoc|iPhoneSimulator.Deploy.0 = Release|Any CPU
		{A5868654-E803-435E-BE1F-236BF8708DE9}.Ad-Hoc|x64.ActiveCfg = Release|Any CPU
		{A5868654-E803-435E-BE1F-236BF8708DE9}.Ad-Hoc|x64.Build.0 = Release|Any CPU
		{A5868654-E803-435E-BE1F-236BF8708DE9}.Ad-Hoc|x64.Deploy.0 = Release|Any CPU
		{A5868654-E803-435E-BE1F-236BF8708DE9}.Ad-Hoc|x86.ActiveCfg = Release|Any CPU
		{A5868654-E803-435E-BE1F-236BF8708DE9}.Ad-Hoc|x86.Build.0 = Release|Any CPU
		{A5868654-E803-435E-BE1F-236BF8708DE9}.Ad-Hoc|x86.Deploy.0 = Release|Any CPU
		{A5868654-E803-435E-BE1F-236BF8708DE9}.AppStore|Any CPU.ActiveCfg = Release|Any CPU
		{A5868654-E803-435E-BE1F-236BF8708DE9}.AppStore|Any CPU.Build.0 = Release|Any CPU
		{A5868654-E803-435E-BE1F-236BF8708DE9}.AppStore|Any CPU.Deploy.0 = Release|Any CPU
		{A5868654-E803-435E-BE1F-236BF8708DE9}.AppStore|ARM.ActiveCfg = Release|Any CPU
		{A5868654-E803-435E-BE1F-236BF8708DE9}.AppStore|ARM.Build.0 = Release|Any CPU
		{A5868654-E803-435E-BE1F-236BF8708DE9}.AppStore|ARM.Deploy.0 = Release|Any CPU
		{A5868654-E803-435E-BE1F-236BF8708DE9}.AppStore|iPhone.ActiveCfg = Release|Any CPU
		{A5868654-E803-435E-BE1F-236BF8708DE9}.AppStore|iPhone.Build.0 = Release|Any CPU
		{A5868654-E803-435E-BE1F-236BF8708DE9}.AppStore|iPhone.Deploy.0 = Release|Any CPU
		{A5868654-E803-435E-BE1F-236BF8708DE9}.AppStore|iPhoneSimulator.ActiveCfg = Release|Any CPU
		{A5868654-E803-435E-BE1F-236BF8708DE9}.AppStore|iPhoneSimulator.Build.0 = Release|Any CPU
		{A5868654-E803-435E-BE1F-236BF8708DE9}.AppStore|iPhoneSimulator.Deploy.0 = Release|Any CPU
		{A5868654-E803-435E-BE1F-236BF8708DE9}.AppStore|x64.ActiveCfg = Release|Any CPU
		{A5868654-E803-435E-BE1F-236BF8708DE9}.AppStore|x64.Build.0 = Release|Any CPU
		{A5868654-E803-435E-BE1F-236BF8708DE9}.AppStore|x64.Deploy.0 = Release|Any CPU
		{A5868654-E803-435E-BE1F-236BF8708DE9}.AppStore|x86.ActiveCfg = Release|Any CPU
		{A5868654-E803-435E-BE1F-236BF8708DE9}.AppStore|x86.Build.0 = Release|Any CPU
		{A5868654-E803-435E-BE1F-236BF8708DE9}.AppStore|x86.Deploy.0 = Release|Any CPU
		{A5868654-E803-435E-BE1F-236BF8708DE9}.Debug|Any CPU.ActiveCfg = Debug|Any CPU
		{A5868654-E803-435E-BE1F-236BF8708DE9}.Debug|Any CPU.Build.0 = Debug|Any CPU
		{A5868654-E803-435E-BE1F-236BF8708DE9}.Debug|Any CPU.Deploy.0 = Debug|Any CPU
		{A5868654-E803-435E-BE1F-236BF8708DE9}.Debug|ARM.ActiveCfg = Debug|Any CPU
		{A5868654-E803-435E-BE1F-236BF8708DE9}.Debug|ARM.Build.0 = Debug|Any CPU
		{A5868654-E803-435E-BE1F-236BF8708DE9}.Debug|ARM.Deploy.0 = Debug|Any CPU
		{A5868654-E803-435E-BE1F-236BF8708DE9}.Debug|iPhone.ActiveCfg = Debug|Any CPU
		{A5868654-E803-435E-BE1F-236BF8708DE9}.Debug|iPhone.Build.0 = Debug|Any CPU
		{A5868654-E803-435E-BE1F-236BF8708DE9}.Debug|iPhone.Deploy.0 = Debug|Any CPU
		{A5868654-E803-435E-BE1F-236BF8708DE9}.Debug|iPhoneSimulator.ActiveCfg = Debug|Any CPU
		{A5868654-E803-435E-BE1F-236BF8708DE9}.Debug|iPhoneSimulator.Build.0 = Debug|Any CPU
		{A5868654-E803-435E-BE1F-236BF8708DE9}.Debug|iPhoneSimulator.Deploy.0 = Debug|Any CPU
		{A5868654-E803-435E-BE1F-236BF8708DE9}.Debug|x64.ActiveCfg = Debug|Any CPU
		{A5868654-E803-435E-BE1F-236BF8708DE9}.Debug|x64.Build.0 = Debug|Any CPU
		{A5868654-E803-435E-BE1F-236BF8708DE9}.Debug|x64.Deploy.0 = Debug|Any CPU
		{A5868654-E803-435E-BE1F-236BF8708DE9}.Debug|x86.ActiveCfg = Debug|Any CPU
		{A5868654-E803-435E-BE1F-236BF8708DE9}.Debug|x86.Build.0 = Debug|Any CPU
		{A5868654-E803-435E-BE1F-236BF8708DE9}.Debug|x86.Deploy.0 = Debug|Any CPU
		{A5868654-E803-435E-BE1F-236BF8708DE9}.Release|Any CPU.ActiveCfg = Release|Any CPU
		{A5868654-E803-435E-BE1F-236BF8708DE9}.Release|Any CPU.Build.0 = Release|Any CPU
		{A5868654-E803-435E-BE1F-236BF8708DE9}.Release|Any CPU.Deploy.0 = Release|Any CPU
		{A5868654-E803-435E-BE1F-236BF8708DE9}.Release|ARM.ActiveCfg = Release|Any CPU
		{A5868654-E803-435E-BE1F-236BF8708DE9}.Release|ARM.Build.0 = Release|Any CPU
		{A5868654-E803-435E-BE1F-236BF8708DE9}.Release|ARM.Deploy.0 = Release|Any CPU
		{A5868654-E803-435E-BE1F-236BF8708DE9}.Release|iPhone.ActiveCfg = Release|Any CPU
		{A5868654-E803-435E-BE1F-236BF8708DE9}.Release|iPhone.Build.0 = Release|Any CPU
		{A5868654-E803-435E-BE1F-236BF8708DE9}.Release|iPhone.Deploy.0 = Release|Any CPU
		{A5868654-E803-435E-BE1F-236BF8708DE9}.Release|iPhoneSimulator.ActiveCfg = Release|Any CPU
		{A5868654-E803-435E-BE1F-236BF8708DE9}.Release|iPhoneSimulator.Build.0 = Release|Any CPU
		{A5868654-E803-435E-BE1F-236BF8708DE9}.Release|iPhoneSimulator.Deploy.0 = Release|Any CPU
		{A5868654-E803-435E-BE1F-236BF8708DE9}.Release|x64.ActiveCfg = Release|Any CPU
		{A5868654-E803-435E-BE1F-236BF8708DE9}.Release|x64.Build.0 = Release|Any CPU
		{A5868654-E803-435E-BE1F-236BF8708DE9}.Release|x64.Deploy.0 = Release|Any CPU
		{A5868654-E803-435E-BE1F-236BF8708DE9}.Release|x86.ActiveCfg = Release|Any CPU
		{A5868654-E803-435E-BE1F-236BF8708DE9}.Release|x86.Build.0 = Release|Any CPU
		{A5868654-E803-435E-BE1F-236BF8708DE9}.Release|x86.Deploy.0 = Release|Any CPU
		{A0BE865E-1034-4A6E-9850-A2BBE0C63F1F}.Ad-Hoc|Any CPU.ActiveCfg = Ad-Hoc|iPhone
		{A0BE865E-1034-4A6E-9850-A2BBE0C63F1F}.Ad-Hoc|ARM.ActiveCfg = Ad-Hoc|iPhone
		{A0BE865E-1034-4A6E-9850-A2BBE0C63F1F}.Ad-Hoc|iPhone.ActiveCfg = Ad-Hoc|iPhone
		{A0BE865E-1034-4A6E-9850-A2BBE0C63F1F}.Ad-Hoc|iPhone.Build.0 = Ad-Hoc|iPhone
		{A0BE865E-1034-4A6E-9850-A2BBE0C63F1F}.Ad-Hoc|iPhoneSimulator.ActiveCfg = Ad-Hoc|iPhoneSimulator
		{A0BE865E-1034-4A6E-9850-A2BBE0C63F1F}.Ad-Hoc|iPhoneSimulator.Build.0 = Ad-Hoc|iPhoneSimulator
		{A0BE865E-1034-4A6E-9850-A2BBE0C63F1F}.Ad-Hoc|x64.ActiveCfg = Ad-Hoc|iPhone
		{A0BE865E-1034-4A6E-9850-A2BBE0C63F1F}.Ad-Hoc|x86.ActiveCfg = Ad-Hoc|iPhone
		{A0BE865E-1034-4A6E-9850-A2BBE0C63F1F}.AppStore|Any CPU.ActiveCfg = AppStore|iPhone
		{A0BE865E-1034-4A6E-9850-A2BBE0C63F1F}.AppStore|ARM.ActiveCfg = AppStore|iPhone
		{A0BE865E-1034-4A6E-9850-A2BBE0C63F1F}.AppStore|iPhone.ActiveCfg = AppStore|iPhone
		{A0BE865E-1034-4A6E-9850-A2BBE0C63F1F}.AppStore|iPhone.Build.0 = AppStore|iPhone
		{A0BE865E-1034-4A6E-9850-A2BBE0C63F1F}.AppStore|iPhoneSimulator.ActiveCfg = AppStore|iPhoneSimulator
		{A0BE865E-1034-4A6E-9850-A2BBE0C63F1F}.AppStore|iPhoneSimulator.Build.0 = AppStore|iPhoneSimulator
		{A0BE865E-1034-4A6E-9850-A2BBE0C63F1F}.AppStore|x64.ActiveCfg = AppStore|iPhone
		{A0BE865E-1034-4A6E-9850-A2BBE0C63F1F}.AppStore|x86.ActiveCfg = AppStore|iPhone
		{A0BE865E-1034-4A6E-9850-A2BBE0C63F1F}.Debug|Any CPU.ActiveCfg = Debug|iPhone
		{A0BE865E-1034-4A6E-9850-A2BBE0C63F1F}.Debug|ARM.ActiveCfg = Debug|iPhone
		{A0BE865E-1034-4A6E-9850-A2BBE0C63F1F}.Debug|iPhone.ActiveCfg = Debug|iPhone
		{A0BE865E-1034-4A6E-9850-A2BBE0C63F1F}.Debug|iPhone.Build.0 = Debug|iPhone
		{A0BE865E-1034-4A6E-9850-A2BBE0C63F1F}.Debug|iPhoneSimulator.ActiveCfg = Debug|iPhoneSimulator
		{A0BE865E-1034-4A6E-9850-A2BBE0C63F1F}.Debug|iPhoneSimulator.Build.0 = Debug|iPhoneSimulator
		{A0BE865E-1034-4A6E-9850-A2BBE0C63F1F}.Debug|x64.ActiveCfg = Debug|iPhone
		{A0BE865E-1034-4A6E-9850-A2BBE0C63F1F}.Debug|x86.ActiveCfg = Debug|iPhone
		{A0BE865E-1034-4A6E-9850-A2BBE0C63F1F}.Release|Any CPU.ActiveCfg = Release|iPhone
		{A0BE865E-1034-4A6E-9850-A2BBE0C63F1F}.Release|ARM.ActiveCfg = Release|iPhone
		{A0BE865E-1034-4A6E-9850-A2BBE0C63F1F}.Release|iPhone.ActiveCfg = Release|iPhone
		{A0BE865E-1034-4A6E-9850-A2BBE0C63F1F}.Release|iPhone.Build.0 = Release|iPhone
		{A0BE865E-1034-4A6E-9850-A2BBE0C63F1F}.Release|iPhoneSimulator.ActiveCfg = Release|iPhoneSimulator
		{A0BE865E-1034-4A6E-9850-A2BBE0C63F1F}.Release|iPhoneSimulator.Build.0 = Release|iPhoneSimulator
		{A0BE865E-1034-4A6E-9850-A2BBE0C63F1F}.Release|x64.ActiveCfg = Release|iPhone
		{A0BE865E-1034-4A6E-9850-A2BBE0C63F1F}.Release|x86.ActiveCfg = Release|iPhone
		{6F0ABD73-27FE-4113-93EB-F4AC5488A072}.Ad-Hoc|Any CPU.ActiveCfg = Release|Any CPU
		{6F0ABD73-27FE-4113-93EB-F4AC5488A072}.Ad-Hoc|Any CPU.Build.0 = Release|Any CPU
		{6F0ABD73-27FE-4113-93EB-F4AC5488A072}.Ad-Hoc|Any CPU.Deploy.0 = Release|Any CPU
		{6F0ABD73-27FE-4113-93EB-F4AC5488A072}.Ad-Hoc|ARM.ActiveCfg = Release|ARM
		{6F0ABD73-27FE-4113-93EB-F4AC5488A072}.Ad-Hoc|ARM.Build.0 = Release|ARM
		{6F0ABD73-27FE-4113-93EB-F4AC5488A072}.Ad-Hoc|ARM.Deploy.0 = Release|ARM
		{6F0ABD73-27FE-4113-93EB-F4AC5488A072}.Ad-Hoc|iPhone.ActiveCfg = Release|Any CPU
		{6F0ABD73-27FE-4113-93EB-F4AC5488A072}.Ad-Hoc|iPhone.Build.0 = Release|Any CPU
		{6F0ABD73-27FE-4113-93EB-F4AC5488A072}.Ad-Hoc|iPhone.Deploy.0 = Release|Any CPU
		{6F0ABD73-27FE-4113-93EB-F4AC5488A072}.Ad-Hoc|iPhoneSimulator.ActiveCfg = Release|Any CPU
		{6F0ABD73-27FE-4113-93EB-F4AC5488A072}.Ad-Hoc|iPhoneSimulator.Build.0 = Release|Any CPU
		{6F0ABD73-27FE-4113-93EB-F4AC5488A072}.Ad-Hoc|iPhoneSimulator.Deploy.0 = Release|Any CPU
		{6F0ABD73-27FE-4113-93EB-F4AC5488A072}.Ad-Hoc|x64.ActiveCfg = Release|Any CPU
		{6F0ABD73-27FE-4113-93EB-F4AC5488A072}.Ad-Hoc|x64.Build.0 = Release|Any CPU
		{6F0ABD73-27FE-4113-93EB-F4AC5488A072}.Ad-Hoc|x64.Deploy.0 = Release|Any CPU
		{6F0ABD73-27FE-4113-93EB-F4AC5488A072}.Ad-Hoc|x86.ActiveCfg = Release|x86
		{6F0ABD73-27FE-4113-93EB-F4AC5488A072}.Ad-Hoc|x86.Build.0 = Release|x86
		{6F0ABD73-27FE-4113-93EB-F4AC5488A072}.Ad-Hoc|x86.Deploy.0 = Release|x86
		{6F0ABD73-27FE-4113-93EB-F4AC5488A072}.AppStore|Any CPU.ActiveCfg = Release|Any CPU
		{6F0ABD73-27FE-4113-93EB-F4AC5488A072}.AppStore|Any CPU.Build.0 = Release|Any CPU
		{6F0ABD73-27FE-4113-93EB-F4AC5488A072}.AppStore|Any CPU.Deploy.0 = Release|Any CPU
		{6F0ABD73-27FE-4113-93EB-F4AC5488A072}.AppStore|ARM.ActiveCfg = Release|ARM
		{6F0ABD73-27FE-4113-93EB-F4AC5488A072}.AppStore|ARM.Build.0 = Release|ARM
		{6F0ABD73-27FE-4113-93EB-F4AC5488A072}.AppStore|ARM.Deploy.0 = Release|ARM
		{6F0ABD73-27FE-4113-93EB-F4AC5488A072}.AppStore|iPhone.ActiveCfg = Release|Any CPU
		{6F0ABD73-27FE-4113-93EB-F4AC5488A072}.AppStore|iPhone.Build.0 = Release|Any CPU
		{6F0ABD73-27FE-4113-93EB-F4AC5488A072}.AppStore|iPhone.Deploy.0 = Release|Any CPU
		{6F0ABD73-27FE-4113-93EB-F4AC5488A072}.AppStore|iPhoneSimulator.ActiveCfg = Release|Any CPU
		{6F0ABD73-27FE-4113-93EB-F4AC5488A072}.AppStore|iPhoneSimulator.Build.0 = Release|Any CPU
		{6F0ABD73-27FE-4113-93EB-F4AC5488A072}.AppStore|iPhoneSimulator.Deploy.0 = Release|Any CPU
		{6F0ABD73-27FE-4113-93EB-F4AC5488A072}.AppStore|x64.ActiveCfg = Release|Any CPU
		{6F0ABD73-27FE-4113-93EB-F4AC5488A072}.AppStore|x64.Build.0 = Release|Any CPU
		{6F0ABD73-27FE-4113-93EB-F4AC5488A072}.AppStore|x64.Deploy.0 = Release|Any CPU
		{6F0ABD73-27FE-4113-93EB-F4AC5488A072}.AppStore|x86.ActiveCfg = Release|x86
		{6F0ABD73-27FE-4113-93EB-F4AC5488A072}.AppStore|x86.Build.0 = Release|x86
		{6F0ABD73-27FE-4113-93EB-F4AC5488A072}.AppStore|x86.Deploy.0 = Release|x86
		{6F0ABD73-27FE-4113-93EB-F4AC5488A072}.Debug|Any CPU.ActiveCfg = Debug|Any CPU
		{6F0ABD73-27FE-4113-93EB-F4AC5488A072}.Debug|Any CPU.Build.0 = Debug|Any CPU
		{6F0ABD73-27FE-4113-93EB-F4AC5488A072}.Debug|Any CPU.Deploy.0 = Debug|Any CPU
		{6F0ABD73-27FE-4113-93EB-F4AC5488A072}.Debug|ARM.ActiveCfg = Debug|ARM
		{6F0ABD73-27FE-4113-93EB-F4AC5488A072}.Debug|ARM.Build.0 = Debug|ARM
		{6F0ABD73-27FE-4113-93EB-F4AC5488A072}.Debug|ARM.Deploy.0 = Debug|ARM
		{6F0ABD73-27FE-4113-93EB-F4AC5488A072}.Debug|iPhone.ActiveCfg = Debug|Any CPU
		{6F0ABD73-27FE-4113-93EB-F4AC5488A072}.Debug|iPhone.Build.0 = Debug|Any CPU
		{6F0ABD73-27FE-4113-93EB-F4AC5488A072}.Debug|iPhone.Deploy.0 = Debug|Any CPU
		{6F0ABD73-27FE-4113-93EB-F4AC5488A072}.Debug|iPhoneSimulator.ActiveCfg = Debug|Any CPU
		{6F0ABD73-27FE-4113-93EB-F4AC5488A072}.Debug|iPhoneSimulator.Build.0 = Debug|Any CPU
		{6F0ABD73-27FE-4113-93EB-F4AC5488A072}.Debug|iPhoneSimulator.Deploy.0 = Debug|Any CPU
		{6F0ABD73-27FE-4113-93EB-F4AC5488A072}.Debug|x64.ActiveCfg = Debug|Any CPU
		{6F0ABD73-27FE-4113-93EB-F4AC5488A072}.Debug|x64.Build.0 = Debug|Any CPU
		{6F0ABD73-27FE-4113-93EB-F4AC5488A072}.Debug|x64.Deploy.0 = Debug|Any CPU
		{6F0ABD73-27FE-4113-93EB-F4AC5488A072}.Debug|x86.ActiveCfg = Debug|x86
		{6F0ABD73-27FE-4113-93EB-F4AC5488A072}.Debug|x86.Build.0 = Debug|x86
		{6F0ABD73-27FE-4113-93EB-F4AC5488A072}.Debug|x86.Deploy.0 = Debug|x86
		{6F0ABD73-27FE-4113-93EB-F4AC5488A072}.Release|Any CPU.ActiveCfg = Release|Any CPU
		{6F0ABD73-27FE-4113-93EB-F4AC5488A072}.Release|Any CPU.Build.0 = Release|Any CPU
		{6F0ABD73-27FE-4113-93EB-F4AC5488A072}.Release|Any CPU.Deploy.0 = Release|Any CPU
		{6F0ABD73-27FE-4113-93EB-F4AC5488A072}.Release|ARM.ActiveCfg = Release|ARM
		{6F0ABD73-27FE-4113-93EB-F4AC5488A072}.Release|ARM.Build.0 = Release|ARM
		{6F0ABD73-27FE-4113-93EB-F4AC5488A072}.Release|ARM.Deploy.0 = Release|ARM
		{6F0ABD73-27FE-4113-93EB-F4AC5488A072}.Release|iPhone.ActiveCfg = Release|Any CPU
		{6F0ABD73-27FE-4113-93EB-F4AC5488A072}.Release|iPhone.Build.0 = Release|Any CPU
		{6F0ABD73-27FE-4113-93EB-F4AC5488A072}.Release|iPhone.Deploy.0 = Release|Any CPU
		{6F0ABD73-27FE-4113-93EB-F4AC5488A072}.Release|iPhoneSimulator.ActiveCfg = Release|Any CPU
		{6F0ABD73-27FE-4113-93EB-F4AC5488A072}.Release|iPhoneSimulator.Build.0 = Release|Any CPU
		{6F0ABD73-27FE-4113-93EB-F4AC5488A072}.Release|iPhoneSimulator.Deploy.0 = Release|Any CPU
		{6F0ABD73-27FE-4113-93EB-F4AC5488A072}.Release|x64.ActiveCfg = Release|Any CPU
		{6F0ABD73-27FE-4113-93EB-F4AC5488A072}.Release|x64.Build.0 = Release|Any CPU
		{6F0ABD73-27FE-4113-93EB-F4AC5488A072}.Release|x64.Deploy.0 = Release|Any CPU
		{6F0ABD73-27FE-4113-93EB-F4AC5488A072}.Release|x86.ActiveCfg = Release|x86
		{6F0ABD73-27FE-4113-93EB-F4AC5488A072}.Release|x86.Build.0 = Release|x86
		{6F0ABD73-27FE-4113-93EB-F4AC5488A072}.Release|x86.Deploy.0 = Release|x86
		{93D6BF49-6916-4D97-8226-F270334321BA}.Ad-Hoc|Any CPU.ActiveCfg = Release|x86
		{93D6BF49-6916-4D97-8226-F270334321BA}.Ad-Hoc|Any CPU.Build.0 = Release|x86
		{93D6BF49-6916-4D97-8226-F270334321BA}.Ad-Hoc|Any CPU.Deploy.0 = Release|x86
		{93D6BF49-6916-4D97-8226-F270334321BA}.Ad-Hoc|ARM.ActiveCfg = Release|ARM
		{93D6BF49-6916-4D97-8226-F270334321BA}.Ad-Hoc|ARM.Build.0 = Release|ARM
		{93D6BF49-6916-4D97-8226-F270334321BA}.Ad-Hoc|ARM.Deploy.0 = Release|ARM
		{93D6BF49-6916-4D97-8226-F270334321BA}.Ad-Hoc|iPhone.ActiveCfg = Release|x86
		{93D6BF49-6916-4D97-8226-F270334321BA}.Ad-Hoc|iPhone.Build.0 = Release|x86
		{93D6BF49-6916-4D97-8226-F270334321BA}.Ad-Hoc|iPhone.Deploy.0 = Release|x86
		{93D6BF49-6916-4D97-8226-F270334321BA}.Ad-Hoc|iPhoneSimulator.ActiveCfg = Release|x86
		{93D6BF49-6916-4D97-8226-F270334321BA}.Ad-Hoc|iPhoneSimulator.Build.0 = Release|x86
		{93D6BF49-6916-4D97-8226-F270334321BA}.Ad-Hoc|iPhoneSimulator.Deploy.0 = Release|x86
		{93D6BF49-6916-4D97-8226-F270334321BA}.Ad-Hoc|x64.ActiveCfg = Release|x64
		{93D6BF49-6916-4D97-8226-F270334321BA}.Ad-Hoc|x64.Build.0 = Release|x64
		{93D6BF49-6916-4D97-8226-F270334321BA}.Ad-Hoc|x64.Deploy.0 = Release|x64
		{93D6BF49-6916-4D97-8226-F270334321BA}.Ad-Hoc|x86.ActiveCfg = Release|x86
		{93D6BF49-6916-4D97-8226-F270334321BA}.Ad-Hoc|x86.Build.0 = Release|x86
		{93D6BF49-6916-4D97-8226-F270334321BA}.Ad-Hoc|x86.Deploy.0 = Release|x86
		{93D6BF49-6916-4D97-8226-F270334321BA}.AppStore|Any CPU.ActiveCfg = Release|x86
		{93D6BF49-6916-4D97-8226-F270334321BA}.AppStore|Any CPU.Build.0 = Release|x86
		{93D6BF49-6916-4D97-8226-F270334321BA}.AppStore|Any CPU.Deploy.0 = Release|x86
		{93D6BF49-6916-4D97-8226-F270334321BA}.AppStore|ARM.ActiveCfg = Release|ARM
		{93D6BF49-6916-4D97-8226-F270334321BA}.AppStore|ARM.Build.0 = Release|ARM
		{93D6BF49-6916-4D97-8226-F270334321BA}.AppStore|ARM.Deploy.0 = Release|ARM
		{93D6BF49-6916-4D97-8226-F270334321BA}.AppStore|iPhone.ActiveCfg = Release|x86
		{93D6BF49-6916-4D97-8226-F270334321BA}.AppStore|iPhone.Build.0 = Release|x86
		{93D6BF49-6916-4D97-8226-F270334321BA}.AppStore|iPhone.Deploy.0 = Release|x86
		{93D6BF49-6916-4D97-8226-F270334321BA}.AppStore|iPhoneSimulator.ActiveCfg = Release|x86
		{93D6BF49-6916-4D97-8226-F270334321BA}.AppStore|iPhoneSimulator.Build.0 = Release|x86
		{93D6BF49-6916-4D97-8226-F270334321BA}.AppStore|iPhoneSimulator.Deploy.0 = Release|x86
		{93D6BF49-6916-4D97-8226-F270334321BA}.AppStore|x64.ActiveCfg = Release|x64
		{93D6BF49-6916-4D97-8226-F270334321BA}.AppStore|x64.Build.0 = Release|x64
		{93D6BF49-6916-4D97-8226-F270334321BA}.AppStore|x64.Deploy.0 = Release|x64
		{93D6BF49-6916-4D97-8226-F270334321BA}.AppStore|x86.ActiveCfg = Release|x86
		{93D6BF49-6916-4D97-8226-F270334321BA}.AppStore|x86.Build.0 = Release|x86
		{93D6BF49-6916-4D97-8226-F270334321BA}.AppStore|x86.Deploy.0 = Release|x86
		{93D6BF49-6916-4D97-8226-F270334321BA}.Debug|Any CPU.ActiveCfg = Debug|x86
		{93D6BF49-6916-4D97-8226-F270334321BA}.Debug|ARM.ActiveCfg = Debug|ARM
		{93D6BF49-6916-4D97-8226-F270334321BA}.Debug|ARM.Build.0 = Debug|ARM
		{93D6BF49-6916-4D97-8226-F270334321BA}.Debug|ARM.Deploy.0 = Debug|ARM
		{93D6BF49-6916-4D97-8226-F270334321BA}.Debug|iPhone.ActiveCfg = Debug|x86
		{93D6BF49-6916-4D97-8226-F270334321BA}.Debug|iPhoneSimulator.ActiveCfg = Debug|x86
		{93D6BF49-6916-4D97-8226-F270334321BA}.Debug|x64.ActiveCfg = Debug|x64
		{93D6BF49-6916-4D97-8226-F270334321BA}.Debug|x64.Build.0 = Debug|x64
		{93D6BF49-6916-4D97-8226-F270334321BA}.Debug|x64.Deploy.0 = Debug|x64
		{93D6BF49-6916-4D97-8226-F270334321BA}.Debug|x86.ActiveCfg = Debug|x86
		{93D6BF49-6916-4D97-8226-F270334321BA}.Debug|x86.Build.0 = Debug|x86
		{93D6BF49-6916-4D97-8226-F270334321BA}.Debug|x86.Deploy.0 = Debug|x86
		{93D6BF49-6916-4D97-8226-F270334321BA}.Release|Any CPU.ActiveCfg = Release|x86
		{93D6BF49-6916-4D97-8226-F270334321BA}.Release|ARM.ActiveCfg = Release|ARM
		{93D6BF49-6916-4D97-8226-F270334321BA}.Release|ARM.Build.0 = Release|ARM
		{93D6BF49-6916-4D97-8226-F270334321BA}.Release|ARM.Deploy.0 = Release|ARM
		{93D6BF49-6916-4D97-8226-F270334321BA}.Release|iPhone.ActiveCfg = Release|x86
		{93D6BF49-6916-4D97-8226-F270334321BA}.Release|iPhoneSimulator.ActiveCfg = Release|x86
		{93D6BF49-6916-4D97-8226-F270334321BA}.Release|x64.ActiveCfg = Release|x64
		{93D6BF49-6916-4D97-8226-F270334321BA}.Release|x64.Build.0 = Release|x64
		{93D6BF49-6916-4D97-8226-F270334321BA}.Release|x64.Deploy.0 = Release|x64
		{93D6BF49-6916-4D97-8226-F270334321BA}.Release|x86.ActiveCfg = Release|x86
		{93D6BF49-6916-4D97-8226-F270334321BA}.Release|x86.Build.0 = Release|x86
		{93D6BF49-6916-4D97-8226-F270334321BA}.Release|x86.Deploy.0 = Release|x86
		{0604A936-6889-4DAE-96D0-9EFFF1820070}.Ad-Hoc|Any CPU.ActiveCfg = Release|Any CPU
		{0604A936-6889-4DAE-96D0-9EFFF1820070}.Ad-Hoc|Any CPU.Build.0 = Release|Any CPU
		{0604A936-6889-4DAE-96D0-9EFFF1820070}.Ad-Hoc|Any CPU.Deploy.0 = Release|Any CPU
		{0604A936-6889-4DAE-96D0-9EFFF1820070}.Ad-Hoc|ARM.ActiveCfg = Release|ARM
		{0604A936-6889-4DAE-96D0-9EFFF1820070}.Ad-Hoc|ARM.Build.0 = Release|ARM
		{0604A936-6889-4DAE-96D0-9EFFF1820070}.Ad-Hoc|ARM.Deploy.0 = Release|ARM
		{0604A936-6889-4DAE-96D0-9EFFF1820070}.Ad-Hoc|iPhone.ActiveCfg = Release|Any CPU
		{0604A936-6889-4DAE-96D0-9EFFF1820070}.Ad-Hoc|iPhone.Build.0 = Release|Any CPU
		{0604A936-6889-4DAE-96D0-9EFFF1820070}.Ad-Hoc|iPhone.Deploy.0 = Release|Any CPU
		{0604A936-6889-4DAE-96D0-9EFFF1820070}.Ad-Hoc|iPhoneSimulator.ActiveCfg = Release|Any CPU
		{0604A936-6889-4DAE-96D0-9EFFF1820070}.Ad-Hoc|iPhoneSimulator.Build.0 = Release|Any CPU
		{0604A936-6889-4DAE-96D0-9EFFF1820070}.Ad-Hoc|iPhoneSimulator.Deploy.0 = Release|Any CPU
		{0604A936-6889-4DAE-96D0-9EFFF1820070}.Ad-Hoc|x64.ActiveCfg = Release|x64
		{0604A936-6889-4DAE-96D0-9EFFF1820070}.Ad-Hoc|x64.Build.0 = Release|x64
		{0604A936-6889-4DAE-96D0-9EFFF1820070}.Ad-Hoc|x64.Deploy.0 = Release|x64
		{0604A936-6889-4DAE-96D0-9EFFF1820070}.Ad-Hoc|x86.ActiveCfg = Release|x86
		{0604A936-6889-4DAE-96D0-9EFFF1820070}.Ad-Hoc|x86.Build.0 = Release|x86
		{0604A936-6889-4DAE-96D0-9EFFF1820070}.Ad-Hoc|x86.Deploy.0 = Release|x86
		{0604A936-6889-4DAE-96D0-9EFFF1820070}.AppStore|Any CPU.ActiveCfg = Release|Any CPU
		{0604A936-6889-4DAE-96D0-9EFFF1820070}.AppStore|Any CPU.Build.0 = Release|Any CPU
		{0604A936-6889-4DAE-96D0-9EFFF1820070}.AppStore|Any CPU.Deploy.0 = Release|Any CPU
		{0604A936-6889-4DAE-96D0-9EFFF1820070}.AppStore|ARM.ActiveCfg = Release|ARM
		{0604A936-6889-4DAE-96D0-9EFFF1820070}.AppStore|ARM.Build.0 = Release|ARM
		{0604A936-6889-4DAE-96D0-9EFFF1820070}.AppStore|ARM.Deploy.0 = Release|ARM
		{0604A936-6889-4DAE-96D0-9EFFF1820070}.AppStore|iPhone.ActiveCfg = Release|Any CPU
		{0604A936-6889-4DAE-96D0-9EFFF1820070}.AppStore|iPhone.Build.0 = Release|Any CPU
		{0604A936-6889-4DAE-96D0-9EFFF1820070}.AppStore|iPhone.Deploy.0 = Release|Any CPU
		{0604A936-6889-4DAE-96D0-9EFFF1820070}.AppStore|iPhoneSimulator.ActiveCfg = Release|Any CPU
		{0604A936-6889-4DAE-96D0-9EFFF1820070}.AppStore|iPhoneSimulator.Build.0 = Release|Any CPU
		{0604A936-6889-4DAE-96D0-9EFFF1820070}.AppStore|iPhoneSimulator.Deploy.0 = Release|Any CPU
		{0604A936-6889-4DAE-96D0-9EFFF1820070}.AppStore|x64.ActiveCfg = Release|x64
		{0604A936-6889-4DAE-96D0-9EFFF1820070}.AppStore|x64.Build.0 = Release|x64
		{0604A936-6889-4DAE-96D0-9EFFF1820070}.AppStore|x64.Deploy.0 = Release|x64
		{0604A936-6889-4DAE-96D0-9EFFF1820070}.AppStore|x86.ActiveCfg = Release|x86
		{0604A936-6889-4DAE-96D0-9EFFF1820070}.AppStore|x86.Build.0 = Release|x86
		{0604A936-6889-4DAE-96D0-9EFFF1820070}.AppStore|x86.Deploy.0 = Release|x86
		{0604A936-6889-4DAE-96D0-9EFFF1820070}.Debug|Any CPU.ActiveCfg = Debug|Any CPU
		{0604A936-6889-4DAE-96D0-9EFFF1820070}.Debug|Any CPU.Build.0 = Debug|Any CPU
		{0604A936-6889-4DAE-96D0-9EFFF1820070}.Debug|Any CPU.Deploy.0 = Debug|Any CPU
		{0604A936-6889-4DAE-96D0-9EFFF1820070}.Debug|ARM.ActiveCfg = Debug|ARM
		{0604A936-6889-4DAE-96D0-9EFFF1820070}.Debug|ARM.Build.0 = Debug|ARM
		{0604A936-6889-4DAE-96D0-9EFFF1820070}.Debug|ARM.Deploy.0 = Debug|ARM
		{0604A936-6889-4DAE-96D0-9EFFF1820070}.Debug|iPhone.ActiveCfg = Debug|Any CPU
		{0604A936-6889-4DAE-96D0-9EFFF1820070}.Debug|iPhone.Build.0 = Debug|Any CPU
		{0604A936-6889-4DAE-96D0-9EFFF1820070}.Debug|iPhone.Deploy.0 = Debug|Any CPU
		{0604A936-6889-4DAE-96D0-9EFFF1820070}.Debug|iPhoneSimulator.ActiveCfg = Debug|Any CPU
		{0604A936-6889-4DAE-96D0-9EFFF1820070}.Debug|iPhoneSimulator.Build.0 = Debug|Any CPU
		{0604A936-6889-4DAE-96D0-9EFFF1820070}.Debug|iPhoneSimulator.Deploy.0 = Debug|Any CPU
		{0604A936-6889-4DAE-96D0-9EFFF1820070}.Debug|x64.ActiveCfg = Debug|x64
		{0604A936-6889-4DAE-96D0-9EFFF1820070}.Debug|x64.Build.0 = Debug|x64
		{0604A936-6889-4DAE-96D0-9EFFF1820070}.Debug|x64.Deploy.0 = Debug|x64
		{0604A936-6889-4DAE-96D0-9EFFF1820070}.Debug|x86.ActiveCfg = Debug|x86
		{0604A936-6889-4DAE-96D0-9EFFF1820070}.Debug|x86.Build.0 = Debug|x86
		{0604A936-6889-4DAE-96D0-9EFFF1820070}.Debug|x86.Deploy.0 = Debug|x86
		{0604A936-6889-4DAE-96D0-9EFFF1820070}.Release|Any CPU.ActiveCfg = Release|Any CPU
		{0604A936-6889-4DAE-96D0-9EFFF1820070}.Release|Any CPU.Build.0 = Release|Any CPU
		{0604A936-6889-4DAE-96D0-9EFFF1820070}.Release|Any CPU.Deploy.0 = Release|Any CPU
		{0604A936-6889-4DAE-96D0-9EFFF1820070}.Release|ARM.ActiveCfg = Release|ARM
		{0604A936-6889-4DAE-96D0-9EFFF1820070}.Release|ARM.Build.0 = Release|ARM
		{0604A936-6889-4DAE-96D0-9EFFF1820070}.Release|ARM.Deploy.0 = Release|ARM
		{0604A936-6889-4DAE-96D0-9EFFF1820070}.Release|iPhone.ActiveCfg = Release|Any CPU
		{0604A936-6889-4DAE-96D0-9EFFF1820070}.Release|iPhone.Build.0 = Release|Any CPU
		{0604A936-6889-4DAE-96D0-9EFFF1820070}.Release|iPhone.Deploy.0 = Release|Any CPU
		{0604A936-6889-4DAE-96D0-9EFFF1820070}.Release|iPhoneSimulator.ActiveCfg = Release|Any CPU
		{0604A936-6889-4DAE-96D0-9EFFF1820070}.Release|iPhoneSimulator.Build.0 = Release|Any CPU
		{0604A936-6889-4DAE-96D0-9EFFF1820070}.Release|iPhoneSimulator.Deploy.0 = Release|Any CPU
		{0604A936-6889-4DAE-96D0-9EFFF1820070}.Release|x64.ActiveCfg = Release|x64
		{0604A936-6889-4DAE-96D0-9EFFF1820070}.Release|x64.Build.0 = Release|x64
		{0604A936-6889-4DAE-96D0-9EFFF1820070}.Release|x64.Deploy.0 = Release|x64
		{0604A936-6889-4DAE-96D0-9EFFF1820070}.Release|x86.ActiveCfg = Release|x86
		{0604A936-6889-4DAE-96D0-9EFFF1820070}.Release|x86.Build.0 = Release|x86
		{0604A936-6889-4DAE-96D0-9EFFF1820070}.Release|x86.Deploy.0 = Release|x86
		{19B02580-2BDF-4896-8F2F-6503D7ECE92E}.Ad-Hoc|Any CPU.ActiveCfg = Release|Any CPU
		{19B02580-2BDF-4896-8F2F-6503D7ECE92E}.Ad-Hoc|Any CPU.Build.0 = Release|Any CPU
		{19B02580-2BDF-4896-8F2F-6503D7ECE92E}.Ad-Hoc|ARM.ActiveCfg = Release|Any CPU
		{19B02580-2BDF-4896-8F2F-6503D7ECE92E}.Ad-Hoc|ARM.Build.0 = Release|Any CPU
		{19B02580-2BDF-4896-8F2F-6503D7ECE92E}.Ad-Hoc|iPhone.ActiveCfg = Release|Any CPU
		{19B02580-2BDF-4896-8F2F-6503D7ECE92E}.Ad-Hoc|iPhone.Build.0 = Release|Any CPU
		{19B02580-2BDF-4896-8F2F-6503D7ECE92E}.Ad-Hoc|iPhoneSimulator.ActiveCfg = Release|Any CPU
		{19B02580-2BDF-4896-8F2F-6503D7ECE92E}.Ad-Hoc|iPhoneSimulator.Build.0 = Release|Any CPU
		{19B02580-2BDF-4896-8F2F-6503D7ECE92E}.Ad-Hoc|x64.ActiveCfg = Release|Any CPU
		{19B02580-2BDF-4896-8F2F-6503D7ECE92E}.Ad-Hoc|x64.Build.0 = Release|Any CPU
		{19B02580-2BDF-4896-8F2F-6503D7ECE92E}.Ad-Hoc|x86.ActiveCfg = Release|Any CPU
		{19B02580-2BDF-4896-8F2F-6503D7ECE92E}.Ad-Hoc|x86.Build.0 = Release|Any CPU
		{19B02580-2BDF-4896-8F2F-6503D7ECE92E}.AppStore|Any CPU.ActiveCfg = Release|Any CPU
		{19B02580-2BDF-4896-8F2F-6503D7ECE92E}.AppStore|Any CPU.Build.0 = Release|Any CPU
		{19B02580-2BDF-4896-8F2F-6503D7ECE92E}.AppStore|ARM.ActiveCfg = Release|Any CPU
		{19B02580-2BDF-4896-8F2F-6503D7ECE92E}.AppStore|ARM.Build.0 = Release|Any CPU
		{19B02580-2BDF-4896-8F2F-6503D7ECE92E}.AppStore|iPhone.ActiveCfg = Release|Any CPU
		{19B02580-2BDF-4896-8F2F-6503D7ECE92E}.AppStore|iPhone.Build.0 = Release|Any CPU
		{19B02580-2BDF-4896-8F2F-6503D7ECE92E}.AppStore|iPhoneSimulator.ActiveCfg = Release|Any CPU
		{19B02580-2BDF-4896-8F2F-6503D7ECE92E}.AppStore|iPhoneSimulator.Build.0 = Release|Any CPU
		{19B02580-2BDF-4896-8F2F-6503D7ECE92E}.AppStore|x64.ActiveCfg = Release|Any CPU
		{19B02580-2BDF-4896-8F2F-6503D7ECE92E}.AppStore|x64.Build.0 = Release|Any CPU
		{19B02580-2BDF-4896-8F2F-6503D7ECE92E}.AppStore|x86.ActiveCfg = Release|Any CPU
		{19B02580-2BDF-4896-8F2F-6503D7ECE92E}.AppStore|x86.Build.0 = Release|Any CPU
		{19B02580-2BDF-4896-8F2F-6503D7ECE92E}.Debug|Any CPU.ActiveCfg = Debug|Any CPU
		{19B02580-2BDF-4896-8F2F-6503D7ECE92E}.Debug|Any CPU.Build.0 = Debug|Any CPU
		{19B02580-2BDF-4896-8F2F-6503D7ECE92E}.Debug|ARM.ActiveCfg = Debug|Any CPU
		{19B02580-2BDF-4896-8F2F-6503D7ECE92E}.Debug|ARM.Build.0 = Debug|Any CPU
		{19B02580-2BDF-4896-8F2F-6503D7ECE92E}.Debug|iPhone.ActiveCfg = Debug|Any CPU
		{19B02580-2BDF-4896-8F2F-6503D7ECE92E}.Debug|iPhone.Build.0 = Debug|Any CPU
		{19B02580-2BDF-4896-8F2F-6503D7ECE92E}.Debug|iPhoneSimulator.ActiveCfg = Debug|Any CPU
		{19B02580-2BDF-4896-8F2F-6503D7ECE92E}.Debug|iPhoneSimulator.Build.0 = Debug|Any CPU
		{19B02580-2BDF-4896-8F2F-6503D7ECE92E}.Debug|x64.ActiveCfg = Debug|Any CPU
		{19B02580-2BDF-4896-8F2F-6503D7ECE92E}.Debug|x64.Build.0 = Debug|Any CPU
		{19B02580-2BDF-4896-8F2F-6503D7ECE92E}.Debug|x86.ActiveCfg = Debug|Any CPU
		{19B02580-2BDF-4896-8F2F-6503D7ECE92E}.Debug|x86.Build.0 = Debug|Any CPU
		{19B02580-2BDF-4896-8F2F-6503D7ECE92E}.Release|Any CPU.ActiveCfg = Release|Any CPU
		{19B02580-2BDF-4896-8F2F-6503D7ECE92E}.Release|Any CPU.Build.0 = Release|Any CPU
		{19B02580-2BDF-4896-8F2F-6503D7ECE92E}.Release|ARM.ActiveCfg = Release|Any CPU
		{19B02580-2BDF-4896-8F2F-6503D7ECE92E}.Release|ARM.Build.0 = Release|Any CPU
		{19B02580-2BDF-4896-8F2F-6503D7ECE92E}.Release|iPhone.ActiveCfg = Release|Any CPU
		{19B02580-2BDF-4896-8F2F-6503D7ECE92E}.Release|iPhone.Build.0 = Release|Any CPU
		{19B02580-2BDF-4896-8F2F-6503D7ECE92E}.Release|iPhoneSimulator.ActiveCfg = Release|Any CPU
		{19B02580-2BDF-4896-8F2F-6503D7ECE92E}.Release|iPhoneSimulator.Build.0 = Release|Any CPU
		{19B02580-2BDF-4896-8F2F-6503D7ECE92E}.Release|x64.ActiveCfg = Release|Any CPU
		{19B02580-2BDF-4896-8F2F-6503D7ECE92E}.Release|x64.Build.0 = Release|Any CPU
		{19B02580-2BDF-4896-8F2F-6503D7ECE92E}.Release|x86.ActiveCfg = Release|Any CPU
		{19B02580-2BDF-4896-8F2F-6503D7ECE92E}.Release|x86.Build.0 = Release|Any CPU
	EndGlobalSection
	GlobalSection(SolutionProperties) = preSolution
		HideSolutionNode = FALSE
	EndGlobalSection
EndGlobal
